
Microsoft Visual Studio Solution File, Format Version 12.00
# Visual Studio Version 17
VisualStudioVersion = 17.2.32526.322
MinimumVisualStudioVersion = 10.0.40219.1
Project("{9A19103F-16F7-4668-BE54-9A1E7A4F7556}") = "BMS_Scheduler.Web", "BMS_Scheduler.Web\BMS_Scheduler.Web.csproj", "{25756273-E565-4768-BCA1-13226BAAA3C1}"
EndProject
Global
	GlobalSection(SolutionConfigurationPlatforms) = preSolution
		Debug|Any CPU = Debug|Any CPU
		Release|Any CPU = Release|Any CPU
	EndGlobalSection
	GlobalSection(ProjectConfigurationPlatforms) = postSolution
		{25756273-E565-4768-BCA1-13226BAAA3C1}.Debug|Any CPU.ActiveCfg = Debug|Any CPU
		{25756273-E565-4768-BCA1-13226BAAA3C1}.Debug|Any CPU.Build.0 = Debug|Any CPU
		{25756273-E565-4768-BCA1-13226BAAA3C1}.Release|Any CPU.ActiveCfg = Release|Any CPU
		{25756273-E565-4768-BCA1-13226BAAA3C1}.Release|Any CPU.Build.0 = Release|Any CPU
	EndGlobalSection
	GlobalSection(SolutionProperties) = preSolution
		HideSolutionNode = FALSE
	EndGlobalSection
	GlobalSection(ExtensibilityGlobals) = postSolution
		SolutionGuid = {C11029B7-0CDE-42A6-B6F0-FB18D728C1D5}
	EndGlobalSection
EndGlobal
